
Microsoft Visual Studio Solution File, Format Version 12.00
# Visual Studio Version 17
VisualStudioVersion = 17.8.34330.188
MinimumVisualStudioVersion = 10.0.40219.1
Project("{FAE04EC0-301F-11D3-BF4B-00C04F79EFBC}") = "logger", "logger.csproj", "{46B40D5C-7AEA-43B9-B4B5-150A9A5795DD}"
EndProject
Global
	GlobalSection(SolutionConfigurationPlatforms) = preSolution
		Debug|Any CPU = Debug|Any CPU
		Release|Any CPU = Release|Any CPU
	EndGlobalSection
	GlobalSection(ProjectConfigurationPlatforms) = postSolution
		{46B40D5C-7AEA-43B9-B4B5-150A9A5795DD}.Debug|Any CPU.ActiveCfg = Debug|Any CPU
		{46B40D5C-7AEA-43B9-B4B5-150A9A5795DD}.Debug|Any CPU.Build.0 = Debug|Any CPU
		{46B40D5C-7AEA-43B9-B4B5-150A9A5795DD}.Release|Any CPU.ActiveCfg = Release|Any CPU
		{46B40D5C-7AEA-43B9-B4B5-150A9A5795DD}.Release|Any CPU.Build.0 = Release|Any CPU
	EndGlobalSection
	GlobalSection(SolutionProperties) = preSolution
		HideSolutionNode = FALSE
	EndGlobalSection
	GlobalSection(ExtensibilityGlobals) = postSolution
		SolutionGuid = {196A80E4-DFD3-4F9B-8F4A-D25C8EDA6493}
	EndGlobalSection
EndGlobal
